
Microsoft Visual Studio Solution File, Format Version 12.00
# Visual Studio Version 16
VisualStudioVersion = 16.0.30011.22
MinimumVisualStudioVersion = 10.0.40219.1
Project("{9A19103F-16F7-4668-BE54-9A1E7A4F7556}") = "Andead.SmartHome.UnitOfWork", "Andead.SmartHome.UnitOfWork\Andead.SmartHome.UnitOfWork.csproj", "{3A9D6656-07B4-4B05-88C3-4126BF0DAA11}"
EndProject
Project("{9A19103F-16F7-4668-BE54-9A1E7A4F7556}") = "Andead.SmartHome.Presentation.API", "Andead.SmartHome.Presentation.API\Andead.SmartHome.Presentation.API.csproj", "{F837E5C2-FAF9-48B1-95BE-A17157A582D1}"
EndProject
Project("{9A19103F-16F7-4668-BE54-9A1E7A4F7556}") = "Andead.SmartHome.Console", "Andead.SmartHome.Console\Andead.SmartHome.Console.csproj", "{E54EA13F-006F-4489-92B8-A618FB2BB14B}"
EndProject
Project("{9A19103F-16F7-4668-BE54-9A1E7A4F7556}") = "Andead.SmartHome.Presentation.API.Tests", "Andead.SmartHome.Presentation.API.Tests\Andead.SmartHome.Presentation.API.Tests.csproj", "{E122FDC8-D630-4246-9720-56C91CEA17CC}"
EndProject
Project("{9A19103F-16F7-4668-BE54-9A1E7A4F7556}") = "Andead.SmartHome.Mqtt", "Andead.SmartHome.Mqtt\Andead.SmartHome.Mqtt.csproj", "{B27E01B8-2381-4915-884E-03A012C822E8}"
EndProject
Project("{9A19103F-16F7-4668-BE54-9A1E7A4F7556}") = "Andead.SmartHome.UnitOfWork.Mock", "Andead.SmartHome.UnitOfWork.Mock\Andead.SmartHome.UnitOfWork.Mock.csproj", "{11F0BFE6-A586-4D4F-A7DF-51124E731ED4}"
EndProject
Project("{9A19103F-16F7-4668-BE54-9A1E7A4F7556}") = "Andead.SmartHome.Constants", "Andead.SmartHome.Constants\Andead.SmartHome.Constants.csproj", "{B18A55B6-735E-4B0C-9E4D-FBE6F1F6A811}"
EndProject
Project("{9A19103F-16F7-4668-BE54-9A1E7A4F7556}") = "Andead.SmartHome.Workflow", "Andead.SmartHome.Workflow\Andead.SmartHome.Workflow.csproj", "{F425DD74-2EA6-4192-B069-31D83BCA0412}"
EndProject
Project("{9A19103F-16F7-4668-BE54-9A1E7A4F7556}") = "Andead.SmartHome.Workflow.Tests", "Andead.SmartHome.Workflow.Tests\Andead.SmartHome.Workflow.Tests.csproj", "{61A0FECF-2C7A-4CAC-B533-31FA47EDDBA2}"
EndProject
Project("{FAE04EC0-301F-11D3-BF4B-00C04F79EFBC}") = "Andead.SmartHome.Common", "Andead.SmartHome.Common\Andead.SmartHome.Common.csproj", "{7AD25B1D-B127-4BDF-9E01-B3A6A9FC09FC}"
EndProject
Global
	GlobalSection(SolutionConfigurationPlatforms) = preSolution
		Debug|Any CPU = Debug|Any CPU
		Release|Any CPU = Release|Any CPU
	EndGlobalSection
	GlobalSection(ProjectConfigurationPlatforms) = postSolution
		{3A9D6656-07B4-4B05-88C3-4126BF0DAA11}.Debug|Any CPU.ActiveCfg = Debug|Any CPU
		{3A9D6656-07B4-4B05-88C3-4126BF0DAA11}.Debug|Any CPU.Build.0 = Debug|Any CPU
		{3A9D6656-07B4-4B05-88C3-4126BF0DAA11}.Release|Any CPU.ActiveCfg = Release|Any CPU
		{3A9D6656-07B4-4B05-88C3-4126BF0DAA11}.Release|Any CPU.Build.0 = Release|Any CPU
		{F837E5C2-FAF9-48B1-95BE-A17157A582D1}.Debug|Any CPU.ActiveCfg = Debug|Any CPU
		{F837E5C2-FAF9-48B1-95BE-A17157A582D1}.Debug|Any CPU.Build.0 = Debug|Any CPU
		{F837E5C2-FAF9-48B1-95BE-A17157A582D1}.Release|Any CPU.ActiveCfg = Release|Any CPU
		{F837E5C2-FAF9-48B1-95BE-A17157A582D1}.Release|Any CPU.Build.0 = Release|Any CPU
		{E54EA13F-006F-4489-92B8-A618FB2BB14B}.Debug|Any CPU.ActiveCfg = Debug|Any CPU
		{E54EA13F-006F-4489-92B8-A618FB2BB14B}.Debug|Any CPU.Build.0 = Debug|Any CPU
		{E54EA13F-006F-4489-92B8-A618FB2BB14B}.Release|Any CPU.ActiveCfg = Release|Any CPU
		{E54EA13F-006F-4489-92B8-A618FB2BB14B}.Release|Any CPU.Build.0 = Release|Any CPU
		{E122FDC8-D630-4246-9720-56C91CEA17CC}.Debug|Any CPU.ActiveCfg = Debug|Any CPU
		{E122FDC8-D630-4246-9720-56C91CEA17CC}.Debug|Any CPU.Build.0 = Debug|Any CPU
		{E122FDC8-D630-4246-9720-56C91CEA17CC}.Release|Any CPU.ActiveCfg = Release|Any CPU
		{E122FDC8-D630-4246-9720-56C91CEA17CC}.Release|Any CPU.Build.0 = Release|Any CPU
		{B27E01B8-2381-4915-884E-03A012C822E8}.Debug|Any CPU.ActiveCfg = Debug|Any CPU
		{B27E01B8-2381-4915-884E-03A012C822E8}.Debug|Any CPU.Build.0 = Debug|Any CPU
		{B27E01B8-2381-4915-884E-03A012C822E8}.Release|Any CPU.ActiveCfg = Release|Any CPU
		{B27E01B8-2381-4915-884E-03A012C822E8}.Release|Any CPU.Build.0 = Release|Any CPU
		{11F0BFE6-A586-4D4F-A7DF-51124E731ED4}.Debug|Any CPU.ActiveCfg = Debug|Any CPU
		{11F0BFE6-A586-4D4F-A7DF-51124E731ED4}.Debug|Any CPU.Build.0 = Debug|Any CPU
		{11F0BFE6-A586-4D4F-A7DF-51124E731ED4}.Release|Any CPU.ActiveCfg = Release|Any CPU
		{11F0BFE6-A586-4D4F-A7DF-51124E731ED4}.Release|Any CPU.Build.0 = Release|Any CPU
		{B18A55B6-735E-4B0C-9E4D-FBE6F1F6A811}.Debug|Any CPU.ActiveCfg = Debug|Any CPU
		{B18A55B6-735E-4B0C-9E4D-FBE6F1F6A811}.Debug|Any CPU.Build.0 = Debug|Any CPU
		{B18A55B6-735E-4B0C-9E4D-FBE6F1F6A811}.Release|Any CPU.ActiveCfg = Release|Any CPU
		{B18A55B6-735E-4B0C-9E4D-FBE6F1F6A811}.Release|Any CPU.Build.0 = Release|Any CPU
		{F425DD74-2EA6-4192-B069-31D83BCA0412}.Debug|Any CPU.ActiveCfg = Debug|Any CPU
		{F425DD74-2EA6-4192-B069-31D83BCA0412}.Debug|Any CPU.Build.0 = Debug|Any CPU
		{F425DD74-2EA6-4192-B069-31D83BCA0412}.Release|Any CPU.ActiveCfg = Release|Any CPU
		{F425DD74-2EA6-4192-B069-31D83BCA0412}.Release|Any CPU.Build.0 = Release|Any CPU
		{61A0FECF-2C7A-4CAC-B533-31FA47EDDBA2}.Debug|Any CPU.ActiveCfg = Debug|Any CPU
		{61A0FECF-2C7A-4CAC-B533-31FA47EDDBA2}.Debug|Any CPU.Build.0 = Debug|Any CPU
		{61A0FECF-2C7A-4CAC-B533-31FA47EDDBA2}.Release|Any CPU.ActiveCfg = Release|Any CPU
		{61A0FECF-2C7A-4CAC-B533-31FA47EDDBA2}.Release|Any CPU.Build.0 = Release|Any CPU
		{7AD25B1D-B127-4BDF-9E01-B3A6A9FC09FC}.Debug|Any CPU.ActiveCfg = Debug|Any CPU
		{7AD25B1D-B127-4BDF-9E01-B3A6A9FC09FC}.Debug|Any CPU.Build.0 = Debug|Any CPU
		{7AD25B1D-B127-4BDF-9E01-B3A6A9FC09FC}.Release|Any CPU.ActiveCfg = Release|Any CPU
		{7AD25B1D-B127-4BDF-9E01-B3A6A9FC09FC}.Release|Any CPU.Build.0 = Release|Any CPU
	EndGlobalSection
	GlobalSection(SolutionProperties) = preSolution
		HideSolutionNode = FALSE
	EndGlobalSection
	GlobalSection(ExtensibilityGlobals) = postSolution
		SolutionGuid = {BE005CBB-8E27-446E-9040-E6EBF78DC2AD}
	EndGlobalSection
EndGlobal
