
Microsoft Visual Studio Solution File, Format Version 12.00
# Visual Studio Version 16
VisualStudioVersion = 16.0.30011.22
MinimumVisualStudioVersion = 10.0.40219.1
Project("{9A19103F-16F7-4668-BE54-9A1E7A4F7556}") = "Andead.SmartHome.UnitOfWork", "Andead.SmartHome.UnitOfWork\Andead.SmartHome.UnitOfWork.csproj", "{3A9D6656-07B4-4B05-88C3-4126BF0DAA11}"
EndProject
Project("{9A19103F-16F7-4668-BE54-9A1E7A4F7556}") = "Andead.SmartHome.Presentation.API", "Andead.SmartHome.Presentation.API\Andead.SmartHome.Presentation.API.csproj", "{F837E5C2-FAF9-48B1-95BE-A17157A582D1}"
EndProject
Project("{9A19103F-16F7-4668-BE54-9A1E7A4F7556}") = "Andead.SmartHome.Console", "Andead.SmartHome.Console\Andead.SmartHome.Console.csproj", "{E54EA13F-006F-4489-92B8-A618FB2BB14B}"
EndProject
Project("{9A19103F-16F7-4668-BE54-9A1E7A4F7556}") = "Andead.SmartHome.Presentation.API.Tests", "Andead.SmartHome.Presentation.API.Tests\Andead.SmartHome.Presentation.API.Tests.csproj", "{E122FDC8-D630-4246-9720-56C91CEA17CC}"
EndProject
Global
	GlobalSection(SolutionConfigurationPlatforms) = preSolution
		Debug|Any CPU = Debug|Any CPU
		Release|Any CPU = Release|Any CPU
	EndGlobalSection
	GlobalSection(ProjectConfigurationPlatforms) = postSolution
		{3A9D6656-07B4-4B05-88C3-4126BF0DAA11}.Debug|Any CPU.ActiveCfg = Debug|Any CPU
		{3A9D6656-07B4-4B05-88C3-4126BF0DAA11}.Debug|Any CPU.Build.0 = Debug|Any CPU
		{3A9D6656-07B4-4B05-88C3-4126BF0DAA11}.Release|Any CPU.ActiveCfg = Release|Any CPU
		{3A9D6656-07B4-4B05-88C3-4126BF0DAA11}.Release|Any CPU.Build.0 = Release|Any CPU
		{F837E5C2-FAF9-48B1-95BE-A17157A582D1}.Debug|Any CPU.ActiveCfg = Debug|Any CPU
		{F837E5C2-FAF9-48B1-95BE-A17157A582D1}.Debug|Any CPU.Build.0 = Debug|Any CPU
		{F837E5C2-FAF9-48B1-95BE-A17157A582D1}.Release|Any CPU.ActiveCfg = Release|Any CPU
		{F837E5C2-FAF9-48B1-95BE-A17157A582D1}.Release|Any CPU.Build.0 = Release|Any CPU
		{E54EA13F-006F-4489-92B8-A618FB2BB14B}.Debug|Any CPU.ActiveCfg = Debug|Any CPU
		{E54EA13F-006F-4489-92B8-A618FB2BB14B}.Debug|Any CPU.Build.0 = Debug|Any CPU
		{E54EA13F-006F-4489-92B8-A618FB2BB14B}.Release|Any CPU.ActiveCfg = Release|Any CPU
		{E54EA13F-006F-4489-92B8-A618FB2BB14B}.Release|Any CPU.Build.0 = Release|Any CPU
		{E122FDC8-D630-4246-9720-56C91CEA17CC}.Debug|Any CPU.ActiveCfg = Debug|Any CPU
		{E122FDC8-D630-4246-9720-56C91CEA17CC}.Debug|Any CPU.Build.0 = Debug|Any CPU
		{E122FDC8-D630-4246-9720-56C91CEA17CC}.Release|Any CPU.ActiveCfg = Release|Any CPU
		{E122FDC8-D630-4246-9720-56C91CEA17CC}.Release|Any CPU.Build.0 = Release|Any CPU
	EndGlobalSection
	GlobalSection(SolutionProperties) = preSolution
		HideSolutionNode = FALSE
	EndGlobalSection
	GlobalSection(ExtensibilityGlobals) = postSolution
		SolutionGuid = {BE005CBB-8E27-446E-9040-E6EBF78DC2AD}
	EndGlobalSection
EndGlobal
